
Microsoft Visual Studio Solution File, Format Version 12.00
# Visual Studio Version 17
VisualStudioVersion = 17.4.33110.190
MinimumVisualStudioVersion = 10.0.40219.1
Project("{FAE04EC0-301F-11D3-BF4B-00C04F79EFBC}") = "Collections", "Collections\Collections.csproj", "{1480CB8B-B248-4048-87A9-DC647DEF60BA}"
EndProject
Project("{FAE04EC0-301F-11D3-BF4B-00C04F79EFBC}") = "Student", "Student\Student.csproj", "{4D507970-F687-4E4C-8765-F8AE1A849A47}"
EndProject
Global
	GlobalSection(SolutionConfigurationPlatforms) = preSolution
		Debug|Any CPU = Debug|Any CPU
		Release|Any CPU = Release|Any CPU
	EndGlobalSection
	GlobalSection(ProjectConfigurationPlatforms) = postSolution
		{1480CB8B-B248-4048-87A9-DC647DEF60BA}.Debug|Any CPU.ActiveCfg = Debug|Any CPU
		{1480CB8B-B248-4048-87A9-DC647DEF60BA}.Debug|Any CPU.Build.0 = Debug|Any CPU
		{1480CB8B-B248-4048-87A9-DC647DEF60BA}.Release|Any CPU.ActiveCfg = Release|Any CPU
		{1480CB8B-B248-4048-87A9-DC647DEF60BA}.Release|Any CPU.Build.0 = Release|Any CPU
		{4D507970-F687-4E4C-8765-F8AE1A849A47}.Debug|Any CPU.ActiveCfg = Debug|Any CPU
		{4D507970-F687-4E4C-8765-F8AE1A849A47}.Debug|Any CPU.Build.0 = Debug|Any CPU
		{4D507970-F687-4E4C-8765-F8AE1A849A47}.Release|Any CPU.ActiveCfg = Release|Any CPU
		{4D507970-F687-4E4C-8765-F8AE1A849A47}.Release|Any CPU.Build.0 = Release|Any CPU
	EndGlobalSection
	GlobalSection(SolutionProperties) = preSolution
		HideSolutionNode = FALSE
	EndGlobalSection
	GlobalSection(ExtensibilityGlobals) = postSolution
		SolutionGuid = {D66EC397-EE8B-495C-B254-623AFB112AE3}
	EndGlobalSection
EndGlobal
